
Microsoft Visual Studio Solution File, Format Version 12.00
# Visual Studio 2012
Project("{FAE04EC0-301F-11D3-BF4B-00C04F79EFBC}") = "PokerHands", "PokerHands\PokerHands.csproj", "{ADB2E207-AB11-4667-8F68-E4E768A6C5D1}"
EndProject
Project("{FAE04EC0-301F-11D3-BF4B-00C04F79EFBC}") = "PokerHands.Tests", "PokerHands.Tests\PokerHands.Tests.csproj", "{F1C50CDC-46F5-41CC-97B6-638049BB61C7}"
EndProject
Global
	GlobalSection(SolutionConfigurationPlatforms) = preSolution
		Debug|Any CPU = Debug|Any CPU
		Release|Any CPU = Release|Any CPU
	EndGlobalSection
	GlobalSection(ProjectConfigurationPlatforms) = postSolution
		{ADB2E207-AB11-4667-8F68-E4E768A6C5D1}.Debug|Any CPU.ActiveCfg = Debug|Any CPU
		{ADB2E207-AB11-4667-8F68-E4E768A6C5D1}.Debug|Any CPU.Build.0 = Debug|Any CPU
		{ADB2E207-AB11-4667-8F68-E4E768A6C5D1}.Release|Any CPU.ActiveCfg = Release|Any CPU
		{ADB2E207-AB11-4667-8F68-E4E768A6C5D1}.Release|Any CPU.Build.0 = Release|Any CPU
		{F1C50CDC-46F5-41CC-97B6-638049BB61C7}.Debug|Any CPU.ActiveCfg = Debug|Any CPU
		{F1C50CDC-46F5-41CC-97B6-638049BB61C7}.Debug|Any CPU.Build.0 = Debug|Any CPU
		{F1C50CDC-46F5-41CC-97B6-638049BB61C7}.Release|Any CPU.ActiveCfg = Release|Any CPU
		{F1C50CDC-46F5-41CC-97B6-638049BB61C7}.Release|Any CPU.Build.0 = Release|Any CPU
	EndGlobalSection
	GlobalSection(SolutionProperties) = preSolution
		HideSolutionNode = FALSE
	EndGlobalSection
EndGlobal
